// !$*UTF8*$!
{
	archiveVersion = 1;
	classes = {
	};
	objectVersion = 46;
	objects = {

/* Begin PBXBuildFile section */
		301AE4A21CE03A8C002FDB77 /* AppDelegate.swift in Sources */ = {isa = PBXBuildFile; fileRef = 301AE4A11CE03A8C002FDB77 /* AppDelegate.swift */; };
		301AE4A41CE03A8C002FDB77 /* ViewController.swift in Sources */ = {isa = PBXBuildFile; fileRef = 301AE4A31CE03A8C002FDB77 /* ViewController.swift */; };
		301AE4A91CE03A8C002FDB77 /* Assets.xcassets in Resources */ = {isa = PBXBuildFile; fileRef = 301AE4A81CE03A8C002FDB77 /* Assets.xcassets */; };
		3020E33B1D24EF7800CA5057 /* RotateWheel.swift in Sources */ = {isa = PBXBuildFile; fileRef = 3020E33A1D24EF7800CA5057 /* RotateWheel.swift */; };
/* End PBXBuildFile section */

/* Begin PBXFileReference section */
		301AE49E1CE03A8C002FDB77 /* Sample.app */ = {isa = PBXFileReference; explicitFileType = wrapper.application; includeInIndex = 0; path = Sample.app; sourceTree = BUILT_PRODUCTS_DIR; };
		301AE4A11CE03A8C002FDB77 /* AppDelegate.swift */ = {isa = PBXFileReference; lastKnownFileType = sourcecode.swift; path = AppDelegate.swift; sourceTree = "<group>"; };
		301AE4A31CE03A8C002FDB77 /* ViewController.swift */ = {isa = PBXFileReference; lastKnownFileType = sourcecode.swift; path = ViewController.swift; sourceTree = "<group>"; };
		301AE4A81CE03A8C002FDB77 /* Assets.xcassets */ = {isa = PBXFileReference; lastKnownFileType = folder.assetcatalog; path = Assets.xcassets; sourceTree = "<group>"; };
		301AE4AD1CE03A8C002FDB77 /* Info.plist */ = {isa = PBXFileReference; lastKnownFileType = text.plist.xml; path = Info.plist; sourceTree = "<group>"; };
		3020E33A1D24EF7800CA5057 /* RotateWheel.swift */ = {isa = PBXFileReference; fileEncoding = 4; lastKnownFileType = sourcecode.swift; path = RotateWheel.swift; sourceTree = "<group>"; };
/* End PBXFileReference section */

/* Begin PBXFrameworksBuildPhase section */
		301AE49B1CE03A8C002FDB77 /* Frameworks */ = {
			isa = PBXFrameworksBuildPhase;
			buildActionMask = 2147483647;
			files = (
			);
			runOnlyForDeploymentPostprocessing = 0;
		};
/* End PBXFrameworksBuildPhase section */

/* Begin PBXGroup section */
		301AE4951CE03A8C002FDB77 = {
			isa = PBXGroup;
			children = (
				3020E3391D24EF7800CA5057 /* RotateWheel */,
				301AE4A01CE03A8C002FDB77 /* Sample */,
				30E9CD531CE0637C00E4A38D /* Framework */,
				301AE49F1CE03A8C002FDB77 /* Products */,
			);
			sourceTree = "<group>";
		};
		301AE49F1CE03A8C002FDB77 /* Products */ = {
			isa = PBXGroup;
			children = (
				301AE49E1CE03A8C002FDB77 /* Sample.app */,
			);
			name = Products;
			sourceTree = "<group>";
		};
		301AE4A01CE03A8C002FDB77 /* Sample */ = {
			isa = PBXGroup;
			children = (
				301AE4A11CE03A8C002FDB77 /* AppDelegate.swift */,
				301AE4A31CE03A8C002FDB77 /* ViewController.swift */,
				301AE4B31CE05126002FDB77 /* Supporting Files */,
			);
			path = Sample;
			sourceTree = "<group>";
		};
		301AE4B31CE05126002FDB77 /* Supporting Files */ = {
			isa = PBXGroup;
			children = (
				301AE4A81CE03A8C002FDB77 /* Assets.xcassets */,
				301AE4AD1CE03A8C002FDB77 /* Info.plist */,
			);
			name = "Supporting Files";
			sourceTree = "<group>";
		};
		3020E3391D24EF7800CA5057 /* RotateWheel */ = {
			isa = PBXGroup;
			children = (
				3020E33A1D24EF7800CA5057 /* RotateWheel.swift */,
			);
			name = RotateWheel;
			path = ../RotateWheel;
			sourceTree = "<group>";
		};
		30E9CD531CE0637C00E4A38D /* Framework */ = {
			isa = PBXGroup;
			children = (
			);
			name = Framework;
			path = Sample;
			sourceTree = "<group>";
		};
/* End PBXGroup section */

/* Begin PBXNativeTarget section */
		301AE49D1CE03A8C002FDB77 /* Sample */ = {
			isa = PBXNativeTarget;
			buildConfigurationList = 301AE4B01CE03A8C002FDB77 /* Build configuration list for PBXNativeTarget "Sample" */;
			buildPhases = (
				301AE49A1CE03A8C002FDB77 /* Sources */,
				301AE49B1CE03A8C002FDB77 /* Frameworks */,
				301AE49C1CE03A8C002FDB77 /* Resources */,
			);
			buildRules = (
			);
			dependencies = (
			);
			name = Sample;
			productName = Sample;
			productReference = 301AE49E1CE03A8C002FDB77 /* Sample.app */;
			productType = "com.apple.product-type.application";
		};
/* End PBXNativeTarget section */

/* Begin PBXProject section */
		301AE4961CE03A8C002FDB77 /* Project object */ = {
			isa = PBXProject;
			attributes = {
				LastSwiftUpdateCheck = 0730;
				LastUpgradeCheck = 0730;
				ORGANIZATIONNAME = Magic;
				TargetAttributes = {
					301AE49D1CE03A8C002FDB77 = {
						CreatedOnToolsVersion = 7.3;
					};
				};
			};
			buildConfigurationList = 301AE4991CE03A8C002FDB77 /* Build configuration list for PBXProject "Sample" */;
			compatibilityVersion = "Xcode 3.2";
			developmentRegion = English;
			hasScannedForEncodings = 0;
			knownRegions = (
				en,
				Base,
			);
			mainGroup = 301AE4951CE03A8C002FDB77;
			productRefGroup = 301AE49F1CE03A8C002FDB77 /* Products */;
			projectDirPath = "";
			projectRoot = "";
			targets = (
				301AE49D1CE03A8C002FDB77 /* Sample */,
			);
		};
/* End PBXProject section */

/* Begin PBXResourcesBuildPhase section */
		301AE49C1CE03A8C002FDB77 /* Resources */ = {
			isa = PBXResourcesBuildPhase;
			buildActionMask = 2147483647;
			files = (
				301AE4A91CE03A8C002FDB77 /* Assets.xcassets in Resources */,
			);
			runOnlyForDeploymentPostprocessing = 0;
		};
/* End PBXResourcesBuildPhase section */

/* Begin PBXSourcesBuildPhase section */
		301AE49A1CE03A8C002FDB77 /* Sources */ = {
			isa = PBXSourcesBuildPhase;
			buildActionMask = 2147483647;
			files = (
				301AE4A41CE03A8C002FDB77 /* ViewController.swift in Sources */,
				301AE4A21CE03A8C002FDB77 /* AppDelegate.swift in Sources */,
				3020E33B1D24EF7800CA5057 /* RotateWheel.swift in Sources */,
			);
			runOnlyForDeploymentPostprocessing = 0;
		};
/* End PBXSourcesBuildPhase section */

/* Begin XCBuildConfiguration section */
		301AE4AE1CE03A8C002FDB77 /* Debug */ = {
			isa = XCBuildConfiguration;
			buildSettings = {
				ALWAYS_SEARCH_USER_PATHS = NO;
				CLANG_ANALYZER_NONNULL = YES;
				CLANG_CXX_LANGUAGE_STANDARD = "gnu++0x";
				CLANG_CXX_LIBRARY = "libc++";
				CLANG_ENABLE_MODULES = YES;
				CLANG_ENABLE_OBJC_ARC = YES;
				CLANG_WARN_BOOL_CONVERSION = YES;
				CLANG_WARN_CONSTANT_CONVERSION = YES;
				CLANG_WARN_DIRECT_OBJC_ISA_USAGE = YES_ERROR;
				CLANG_WARN_EMPTY_BODY = YES;
				CLANG_WARN_ENUM_CONVERSION = YES;
				CLANG_WARN_INT_CONVERSION = YES;
				CLANG_WARN_OBJC_ROOT_CLASS = YES_ERROR;
				CLANG_WARN_UNREACHABLE_CODE = YES;
				CLANG_WARN__DUPLICATE_METHOD_MATCH = YES;
				"CODE_SIGN_IDENTITY[sdk=iphoneos*]" = "iPhone Developer";
				COPY_PHASE_STRIP = NO;
				DEBUG_INFORMATION_FORMAT = dwarf;
				ENABLE_STRICT_OBJC_MSGSEND = YES;
				ENABLE_TESTABILITY = YES;
				GCC_C_LANGUAGE_STANDARD = gnu99;
				GCC_DYNAMIC_NO_PIC = NO;
				GCC_NO_COMMON_BLOCKS = YES;
				GCC_OPTIMIZATION_LEVEL = 0;
				GCC_PREPROCESSOR_DEFINITIONS = (
					"DEBUG=1",
					"$(inherited)",
				);
				GCC_WARN_64_TO_32_BIT_CONVERSION = YES;
				GCC_WARN_ABOUT_RETURN_TYPE = YES_ERROR;
				GCC_WARN_UNDECLARED_SELECTOR = YES;
				GCC_WARN_UNINITIALIZED_AUTOS = YES_AGGRESSIVE;
				GCC_WARN_UNUSED_FUNCTION = YES;
				GCC_WARN_UNUSED_VARIABLE = YES;
				IPHONEOS_DEPLOYMENT_TARGET = 9.3;
				MTL_ENABLE_DEBUG_INFO = YES;
				ONLY_ACTIVE_ARCH = YES;
				SDKROOT = iphoneos;
				SWIFT_OPTIMIZATION_LEVEL = "-Onone";
			};
			name = Debug;
		};
		301AE4AF1CE03A8C002FDB77 /* Release */ = {
			isa = XCBuildConfiguration;
			buildSettings = {
				ALWAYS_SEARCH_USER_PATHS = NO;
				CLANG_ANALYZER_NONNULL = YES;
				CLANG_CXX_LANGUAGE_STANDARD = "gnu++0x";
				CLANG_CXX_LIBRARY = "libc++";
				CLANG_ENABLE_MODULES = YES;
				CLANG_ENABLE_OBJC_ARC = YES;
				CLANG_WARN_BOOL_CONVERSION = YES;
				CLANG_WARN_CONSTANT_CONVERSION = YES;
				CLANG_WARN_DIRECT_OBJC_ISA_USAGE = YES_ERROR;
				CLANG_WARN_EMPTY_BODY = YES;
				CLANG_WARN_ENUM_CONVERSION = YES;
				CLANG_WARN_INT_CONVERSION = YES;
				CLANG_WARN_OBJC_ROOT_CLASS = YES_ERROR;
				CLANG_WARN_UNREACHABLE_CODE = YES;
				CLANG_WARN__DUPLICATE_METHOD_MATCH = YES;
				"CODE_SIGN_IDENTITY[sdk=iphoneos*]" = "iPhone Developer";
				COPY_PHASE_STRIP = NO;
				DEBUG_INFORMATION_FORMAT = "dwarf-with-dsym";
				ENABLE_NS_ASSERTIONS = NO;
				ENABLE_STRICT_OBJC_MSGSEND = YES;
				GCC_C_LANGUAGE_STANDARD = gnu99;
				GCC_NO_COMMON_BLOCKS = YES;
				GCC_WARN_64_TO_32_BIT_CONVERSION = YES;
				GCC_WARN_ABOUT_RETURN_TYPE = YES_ERROR;
				GCC_WARN_UNDECLARED_SELECTOR = YES;
				GCC_WARN_UNINITIALIZED_AUTOS = YES_AGGRESSIVE;
				GCC_WARN_UNUSED_FUNCTION = YES;
				GCC_WARN_UNUSED_VARIABLE = YES;
				IPHONEOS_DEPLOYMENT_TARGET = 9.3;
				MTL_ENABLE_DEBUG_INFO = NO;
				SDKROOT = iphoneos;
				VALIDATE_PRODUCT = YES;
			};
			name = Release;
		};
		301AE4B11CE03A8C002FDB77 /* Debug */ = {
			isa = XCBuildConfiguration;
			buildSettings = {
				ASSETCATALOG_COMPILER_APPICON_NAME = AppIcon;
				ASSETCATALOG_COMPILER_LAUNCHIMAGE_NAME = "Brand Assets";
				INFOPLIST_FILE = Sample/Info.plist;
				LD_RUNPATH_SEARCH_PATHS = "$(inherited) @executable_path/Frameworks";
				PRODUCT_BUNDLE_IDENTIFIER = SM.Sample;
				PRODUCT_NAME = "$(TARGET_NAME)";
			};
			name = Debug;
		};
		301AE4B21CE03A8C002FDB77 /* Release */ = {
			isa = XCBuildConfiguration;
			buildSettings = {
				ASSETCATALOG_COMPILER_APPICON_NAME = AppIcon;
				ASSETCATALOG_COMPILER_LAUNCHIMAGE_NAME = "Brand Assets";
				INFOPLIST_FILE = Sample/Info.plist;
				LD_RUNPATH_SEARCH_PATHS = "$(inherited) @executable_path/Frameworks";
				PRODUCT_BUNDLE_IDENTIFIER = SM.Sample;
				PRODUCT_NAME = "$(TARGET_NAME)";
			};
			name = Release;
		};
/* End XCBuildConfiguration section */

/* Begin XCConfigurationList section */
		301AE4991CE03A8C002FDB77 /* Build configuration list for PBXProject "Sample" */ = {
			isa = XCConfigurationList;
			buildConfigurations = (
				301AE4AE1CE03A8C002FDB77 /* Debug */,
				301AE4AF1CE03A8C002FDB77 /* Release */,
			);
			defaultConfigurationIsVisible = 0;
			defaultConfigurationName = Release;
		};
		301AE4B01CE03A8C002FDB77 /* Build configuration list for PBXNativeTarget "Sample" */ = {
			isa = XCConfigurationList;
			buildConfigurations = (
				301AE4B11CE03A8C002FDB77 /* Debug */,
				301AE4B21CE03A8C002FDB77 /* Release */,
			);
			defaultConfigurationIsVisible = 0;
			defaultConfigurationName = Release;
		};
/* End XCConfigurationList section */
	};
	rootObject = 301AE4961CE03A8C002FDB77 /* Project object */;
}
